# THIS IS AN AUTOGENERATED FILE. DO NOT EDIT THIS FILE DIRECTLY.
# yarn lockfile v1


b@0.0.0:
  version "0.0.0"
  resolved "https://registry.npmjs.org/b/-/b-0.0.0.tgz#91a16cd77dea80ed0a972fab532bbdb9cf2e7924"
  integrity sha1-kaFs133qgO0Kly+rUyu9uc8ueSQ=

no-bugs@1.0.0:
  version "1.0.0"
  resolved "https://registry.npmjs.org/no-bugs/-/no-bugs-1.0.0.tgz#e6d394bf88e644565952e408f2fde4f61b0bf68e"
  integrity sha1-5tOUv4jmRFZZUuQI8v3k9hsL9o4=

"noop@npm:@kevingorg/noop":
  version "1.0.0"
  resolved "https://registry.npmjs.org/@kevingorg/noop/-/noop-1.0.0.tgz#81eeabccdefd668334696a551af93f81aef23866"
  integrity sha512-7DutT8Q8gc49ALkZCnLhW83g+meMCzOkeyVH/NqZ8gZ1k8TqQ7zVoavS5FTJFEfO6b4tZ3kDWybCACnL0J2Rcw==
